
Microsoft Visual Studio Solution File, Format Version 12.00
# Visual Studio Version 16
VisualStudioVersion = 16.0.29613.14
MinimumVisualStudioVersion = 10.0.40219.1
Project("{FAE04EC0-301F-11D3-BF4B-00C04F79EFBC}") = "EfCoreSoftDeleteBug", "EfCoreSoftDeleteBug\EfCoreSoftDeleteBug.csproj", "{C49C4222-8C0F-4997-BC68-DF538F60EC7A}"
EndProject
Global
	GlobalSection(SolutionConfigurationPlatforms) = preSolution
		Debug|Any CPU = Debug|Any CPU
		Release|Any CPU = Release|Any CPU
	EndGlobalSection
	GlobalSection(ProjectConfigurationPlatforms) = postSolution
		{C49C4222-8C0F-4997-BC68-DF538F60EC7A}.Debug|Any CPU.ActiveCfg = Debug|Any CPU
		{C49C4222-8C0F-4997-BC68-DF538F60EC7A}.Debug|Any CPU.Build.0 = Debug|Any CPU
		{C49C4222-8C0F-4997-BC68-DF538F60EC7A}.Release|Any CPU.ActiveCfg = Release|Any CPU
		{C49C4222-8C0F-4997-BC68-DF538F60EC7A}.Release|Any CPU.Build.0 = Release|Any CPU
	EndGlobalSection
	GlobalSection(SolutionProperties) = preSolution
		HideSolutionNode = FALSE
	EndGlobalSection
	GlobalSection(ExtensibilityGlobals) = postSolution
		SolutionGuid = {48F12468-9AE1-409C-B760-58775557AC0C}
	EndGlobalSection
EndGlobal
